
Microsoft Visual Studio Solution File, Format Version 12.00
# Visual Studio Version 17
VisualStudioVersion = 17.9.34701.34
MinimumVisualStudioVersion = 10.0.40219.1
Project("{FAE04EC0-301F-11D3-BF4B-00C04F79EFBC}") = "WebOffice", "WebOffice.csproj", "{E045616C-B9E0-4FE1-923B-9F207B1AAA26}"
EndProject
Project("{2150E333-8FDC-42A3-9474-1A3956D46DE8}") = "Solution Items", "Solution Items", "{6B35BF38-2DD7-4EBD-9B3E-0B4A076A1810}"
	ProjectSection(SolutionItems) = preProject
		.gitignore = .gitignore
	EndProjectSection
EndProject
Global
	GlobalSection(SolutionConfigurationPlatforms) = preSolution
		Debug|Any CPU = Debug|Any CPU
		Release|Any CPU = Release|Any CPU
	EndGlobalSection
	GlobalSection(ProjectConfigurationPlatforms) = postSolution
		{E045616C-B9E0-4FE1-923B-9F207B1AAA26}.Debug|Any CPU.ActiveCfg = Debug|Any CPU
		{E045616C-B9E0-4FE1-923B-9F207B1AAA26}.Debug|Any CPU.Build.0 = Debug|Any CPU
		{E045616C-B9E0-4FE1-923B-9F207B1AAA26}.Release|Any CPU.ActiveCfg = Release|Any CPU
		{E045616C-B9E0-4FE1-923B-9F207B1AAA26}.Release|Any CPU.Build.0 = Release|Any CPU
	EndGlobalSection
	GlobalSection(SolutionProperties) = preSolution
		HideSolutionNode = FALSE
	EndGlobalSection
	GlobalSection(ExtensibilityGlobals) = postSolution
		SolutionGuid = {44F3506C-3531-428F-83FD-3BCDB9D23361}
	EndGlobalSection
EndGlobal
